<Solution>
  <Project Path="KT.Downloader.Cli.Tests/KT.Downloader.Cli.Tests.csproj" />
  <Project Path="KT.Downloader.Cli/KT.Downloader.Cli.csproj" />
  <Project Path="KT.Downloader.ManifestBuilder/KT.Downloader.ManifestBuilder.csproj" />
  <Project Path="KT.Downloader.WinForms/KT.Downloader.WinForms.csproj" />
</Solution>
